{
    "version": "0.5",
    "requires": [
        "zlib/1.3.1#b8bc2603263cf7eccbd6e17e66b0ed76%1733936244.862",
        "xz_utils/5.4.5#b885d1d79c9d30cff3803f7f551dbe66%1724318972.064",
        "utfcpp/4.0.1#e879ce0ad3e77ff6e04713ada5549655%1722968965.538",
        "stb/cci.20230920#ed79bd361e974a99137f214efb117eef%1720366013.319",
        "sdl/2.32.8#a7ffdc59d64125652f47f3db97830ae8%1756228789.588",
        "rapidjson/cci.20230929#8dc0392af2b3aaea7312095f0ba53467%1705070242.903",
        "pugixml/1.14#c6afdcf73d71858303d8260b0d76ff91%1696206310.014",
        "poly2tri/cci.20130502#003141589c1a86aaa9e7cd8dcd05af73%1741858831.013",
        "openjpeg/2.5.2#6f7b733e151d1bbf5ed05cbabb846828%1709653017.024",
        "opengl/system#7c02ea6ef926fd04844af53622a30541%1730805494.23",
        "openexr/2.5.7#191290b5cb7da90a05ed351fae29d9c4%1720516145.62",
        "openddl-parser/0.5.1#1ed71b6fc636be990a506c802bf64831%1695253156.782",
        "nlohmann_json/3.12.0#2d634ab0ec8d9f56353e5ccef6d6612c%1744735883.94",
        "ms-gsl/4.2.0#eb8e3068d01908f5c6fed255fc0d4098%1745345253.347",
        "minizip/1.2.13#9e87d57804bd372d6d1e32b1871517a3%1741858544.701",
        "lodepng/cci.20230410#663415abcd943ea2cff7278b7ef510f0%1741857866.993",
        "libwebp/1.3.2#9c32dd81887041c939c97990d04d14c8%1753888842.567",
        "libtiff/4.6.0#1c497ad376872d80a0ad7cf05dc422ae%1755848752.907",
        "libraw/0.20.2#e6132343798f7885d8c55161c69c87d0%1747763155.481",
        "libpng/1.6.50#c96b3b9fa67d44545d6583bb0c348904%1751616189.701",
        "libjpeg/9e#ebca87d1efc798db99cc9bbe2297679a%1723665906.622",
        "lcms/2.16#803222ca149d2e07e9c0ab32342e47e6%1753689779.344",
        "kuba-zip/0.3.0#a94374066e7536ed2edeece35a18af59%1743413289.07",
        "jxrlib/cci.20170615#576979230d06d6cc445342b2731b517f%1741857141.178",
        "jasper/4.0.0#b4ee4487571de1b4566da800398460b8%1755531949.191",
        "gtest/1.17.0#5224b3b3ff3b4ce1133cbdd27d53ee7d%1755784855.585",
        "glm/1.0.1#94392c53a527f7d830119b84fe80c754%1713951421.775",
        "glfw/3.4#41cc24c744dc4c80571f5dd10dcd9cda%1732635892.515",
        "freeimage/3.18.0#4a129174bdbc77ff2923af84bd8d4220%1731572259.007",
        "fmt/11.2.0#579bb2cdf4a7607621beea4eb4651e0f%1746298708.362",
        "draco/1.5.6#c4fd529402e7954b0ed2305a386b0973%1681231072.069",
        "clipper/6.4.2#2eb7263b5ad1225edddca68a6f93c11d%1743005731.021",
        "cgltf/1.13#3c46392797fa9c7ddddd6dd5e3650bb9%1741800186.204",
        "bzip2/1.0.8#00b4a4658791c1f06914e087f0e792f5%1744702067.178",
        "assimp/5.4.3#3c7847b375c3946bafa7ef9a2df22081%1756739734.728"
    ],
    "build_requires": [
        "ninja/1.13.0#53ff096207a5599ced46a633271b3cef%1751046277.036",
        "meson/1.4.0#2262941cc8fbb0099dd0c196ca2a6c01%1726730116.631",
        "cmake/3.31.8#dde3bde00bb843687e55aea5afa0e220%1751628300.59"
    ],
    "python_requires": [],
    "config_requires": []
}